
Microsoft Visual Studio Solution File, Format Version 12.00
# Visual Studio 15
VisualStudioVersion = 15.0.26403.0
MinimumVisualStudioVersion = 10.0.40219.1
Project("{FAE04EC0-301F-11D3-BF4B-00C04F79EFBC}") = "Zad1", "Zad1\Zad1.csproj", "{86AE1E12-2553-4CB0-9F83-D7A11108F2F9}"
EndProject
Project("{FAE04EC0-301F-11D3-BF4B-00C04F79EFBC}") = "Zad2", "Zad2\Zad2.csproj", "{56A0D3F1-9DE2-48FF-95FE-CA4A0D9C155A}"
EndProject
Project("{FAE04EC0-301F-11D3-BF4B-00C04F79EFBC}") = "Zad3", "Zad3\Zad3.csproj", "{54C91B05-DB08-4212-9B9A-A62AE3CD32B7}"
EndProject
Global
	GlobalSection(SolutionConfigurationPlatforms) = preSolution
		Debug|Any CPU = Debug|Any CPU
		Release|Any CPU = Release|Any CPU
	EndGlobalSection
	GlobalSection(ProjectConfigurationPlatforms) = postSolution
		{86AE1E12-2553-4CB0-9F83-D7A11108F2F9}.Debug|Any CPU.ActiveCfg = Debug|Any CPU
		{86AE1E12-2553-4CB0-9F83-D7A11108F2F9}.Debug|Any CPU.Build.0 = Debug|Any CPU
		{86AE1E12-2553-4CB0-9F83-D7A11108F2F9}.Release|Any CPU.ActiveCfg = Release|Any CPU
		{86AE1E12-2553-4CB0-9F83-D7A11108F2F9}.Release|Any CPU.Build.0 = Release|Any CPU
		{56A0D3F1-9DE2-48FF-95FE-CA4A0D9C155A}.Debug|Any CPU.ActiveCfg = Debug|Any CPU
		{56A0D3F1-9DE2-48FF-95FE-CA4A0D9C155A}.Debug|Any CPU.Build.0 = Debug|Any CPU
		{56A0D3F1-9DE2-48FF-95FE-CA4A0D9C155A}.Release|Any CPU.ActiveCfg = Release|Any CPU
		{56A0D3F1-9DE2-48FF-95FE-CA4A0D9C155A}.Release|Any CPU.Build.0 = Release|Any CPU
		{54C91B05-DB08-4212-9B9A-A62AE3CD32B7}.Debug|Any CPU.ActiveCfg = Debug|Any CPU
		{54C91B05-DB08-4212-9B9A-A62AE3CD32B7}.Debug|Any CPU.Build.0 = Debug|Any CPU
		{54C91B05-DB08-4212-9B9A-A62AE3CD32B7}.Release|Any CPU.ActiveCfg = Release|Any CPU
		{54C91B05-DB08-4212-9B9A-A62AE3CD32B7}.Release|Any CPU.Build.0 = Release|Any CPU
	EndGlobalSection
	GlobalSection(SolutionProperties) = preSolution
		HideSolutionNode = FALSE
	EndGlobalSection
EndGlobal
